
Microsoft Visual Studio Solution File, Format Version 11.00
# Visual Studio 2010
Project("{2150E333-8FDC-42A3-9474-1A3956D46DE8}") = "Solution Items", "Solution Items", "{0B0C40ED-5A2A-4F6F-B2A0-9E877F2A4E7A}"
	ProjectSection(SolutionItems) = preProject
		HOWTO.txt = HOWTO.txt
		LocalTestRun.testrunconfig = LocalTestRun.testrunconfig
		WomenCalendar.vsmdi = WomenCalendar.vsmdi
	EndProjectSection
EndProject
Project("{FAE04EC0-301F-11D3-BF4B-00C04F79EFBC}") = "WomenCalendar", "WomenCalendar\WomenCalendar.csproj", "{4CE98859-074E-4D90-A377-F15A404EDE09}"
EndProject
Project("{FAE04EC0-301F-11D3-BF4B-00C04F79EFBC}") = "ZedGraph", "ZedGraph\ZedGraph.csproj", "{2541686B-1673-43BF-AF89-3163945DB009}"
EndProject
Project("{54435603-DBB4-11D2-8724-00A0C9A8B90C}") = "OvulyashkiInstall", "OvulyashkiInstall\OvulyashkiInstall.vdproj", "{E3CFC459-6B82-4B83-B16B-E29913ADF799}"
EndProject
Project("{FAE04EC0-301F-11D3-BF4B-00C04F79EFBC}") = "Uninstall", "Uninstall\Uninstall.csproj", "{28DFD928-FB86-4777-94A6-2EC193397C0D}"
EndProject
Project("{FAE04EC0-301F-11D3-BF4B-00C04F79EFBC}") = "UnitTests", "UnitTests\UnitTests.csproj", "{47DD3EA4-A5AD-4238-B02F-CDF2F6C5D50F}"
EndProject
Global
	GlobalSection(TestCaseManagementSettings) = postSolution
		CategoryFile = WomenCalendar.vsmdi
	EndGlobalSection
	GlobalSection(SolutionConfigurationPlatforms) = preSolution
		Debug|Any CPU = Debug|Any CPU
		Release|Any CPU = Release|Any CPU
	EndGlobalSection
	GlobalSection(ProjectConfigurationPlatforms) = postSolution
		{4CE98859-074E-4D90-A377-F15A404EDE09}.Debug|Any CPU.ActiveCfg = Debug|Any CPU
		{4CE98859-074E-4D90-A377-F15A404EDE09}.Debug|Any CPU.Build.0 = Debug|Any CPU
		{4CE98859-074E-4D90-A377-F15A404EDE09}.Release|Any CPU.ActiveCfg = Release|Any CPU
		{4CE98859-074E-4D90-A377-F15A404EDE09}.Release|Any CPU.Build.0 = Release|Any CPU
		{2541686B-1673-43BF-AF89-3163945DB009}.Debug|Any CPU.ActiveCfg = Debug|Any CPU
		{2541686B-1673-43BF-AF89-3163945DB009}.Debug|Any CPU.Build.0 = Debug|Any CPU
		{2541686B-1673-43BF-AF89-3163945DB009}.Release|Any CPU.ActiveCfg = Release|Any CPU
		{2541686B-1673-43BF-AF89-3163945DB009}.Release|Any CPU.Build.0 = Release|Any CPU
		{E3CFC459-6B82-4B83-B16B-E29913ADF799}.Debug|Any CPU.ActiveCfg = Debug
		{E3CFC459-6B82-4B83-B16B-E29913ADF799}.Release|Any CPU.ActiveCfg = Release
		{28DFD928-FB86-4777-94A6-2EC193397C0D}.Debug|Any CPU.ActiveCfg = Debug|Any CPU
		{28DFD928-FB86-4777-94A6-2EC193397C0D}.Debug|Any CPU.Build.0 = Debug|Any CPU
		{28DFD928-FB86-4777-94A6-2EC193397C0D}.Release|Any CPU.ActiveCfg = Release|Any CPU
		{28DFD928-FB86-4777-94A6-2EC193397C0D}.Release|Any CPU.Build.0 = Release|Any CPU
		{47DD3EA4-A5AD-4238-B02F-CDF2F6C5D50F}.Debug|Any CPU.ActiveCfg = Debug|Any CPU
		{47DD3EA4-A5AD-4238-B02F-CDF2F6C5D50F}.Debug|Any CPU.Build.0 = Debug|Any CPU
		{47DD3EA4-A5AD-4238-B02F-CDF2F6C5D50F}.Release|Any CPU.ActiveCfg = Release|Any CPU
		{47DD3EA4-A5AD-4238-B02F-CDF2F6C5D50F}.Release|Any CPU.Build.0 = Release|Any CPU
	EndGlobalSection
	GlobalSection(SolutionProperties) = preSolution
		HideSolutionNode = FALSE
	EndGlobalSection
EndGlobal
